{
  "name": "asg-lsp",
  "version": "1.0.0",
  "lockfileVersion": 1,
  "requires": true,
  "dependencies": {
    "file-match": {
      "version": "1.0.2",
      "resolved": "https://registry.npmjs.org/file-match/-/file-match-1.0.2.tgz",
      "integrity": "sha1-ycrSZdLIrfOoFHWw30dYWQafrvc=",
      "requires": {
        "utils-extend": "^1.0.6"
      }
    },
    "file-system": {
      "version": "2.2.2",
      "resolved": "https://registry.npmjs.org/file-system/-/file-system-2.2.2.tgz",
      "integrity": "sha1-fWWDPjojR9zZVqgTxncVPtPt2Yc=",
      "requires": {
        "file-match": "^1.0.1",
        "utils-extend": "^1.0.4"
      }
    },
    "readline-sync": {
      "version": "1.4.9",
      "resolved": "https://registry.npmjs.org/readline-sync/-/readline-sync-1.4.9.tgz",
      "integrity": "sha1-PtqOZfI80qF+YTAbHwADOWr17No="
    },
    "sha-1": {
      "version": "0.1.1",
      "resolved": "https://registry.npmjs.org/sha-1/-/sha-1-0.1.1.tgz",
      "integrity": "sha1-KjkwS/QburEd2e+3R07CWxqSwlc="
    },
    "utils-extend": {
      "version": "1.0.8",
      "resolved": "https://registry.npmjs.org/utils-extend/-/utils-extend-1.0.8.tgz",
      "integrity": "sha1-zP17ZFQPjpDuIe7Fd2nQZRyril8="
    },
    "uuid": {
      "version": "3.3.2",
      "resolved": "https://registry.npmjs.org/uuid/-/uuid-3.3.2.tgz",
      "integrity": "sha512-yXJmeNaw3DnnKAOKJE51sL/ZaYfWJRl1pK9dr19YFCu0ObS231AB1/LbqTKRAQ5kw8A90rA6fr4riOUpTZvQZA=="
    },
    "uuidv4": {
      "version": "2.0.0",
      "resolved": "https://registry.npmjs.org/uuidv4/-/uuidv4-2.0.0.tgz",
      "integrity": "sha512-sAUlwUVepcVk6bwnaW/oi6LCwMdueako5QQzRr90ioAVVcms6p1mV0PaSxK8gyAC4CRvKddsk217uUpZUbKd2Q==",
      "requires": {
        "sha-1": "0.1.1",
        "uuid": "3.3.2"
      }
    }
  }
}
